
Microsoft Visual Studio Solution File, Format Version 12.00
# Visual Studio Version 17
VisualStudioVersion = 17.14.36915.13
MinimumVisualStudioVersion = 10.0.40219.1
Project("{8BC9CEB8-8B4A-11D0-8D11-00A0C91BC942}") = "Lesson1", "Lesson1\Lesson1.vcxproj", "{78F61983-42C5-4061-AE5C-36B1CF816E7E}"
EndProject
Project("{8BC9CEB8-8B4A-11D0-8D11-00A0C91BC942}") = "Ex1", "Ex1\Ex1.vcxproj", "{5F7BADE5-A110-4E32-B54B-E364CC7C83DC}"
EndProject
Project("{8BC9CEB8-8B4A-11D0-8D11-00A0C91BC942}") = "Lesson2", "Lesson2\Lesson2.vcxproj", "{51AFB168-67F3-4BA2-B5CB-6CD8A2C68B64}"
EndProject
Project("{8BC9CEB8-8B4A-11D0-8D11-00A0C91BC942}") = "Lesson3", "Lesson3\Lesson3.vcxproj", "{10153B05-7860-4E9F-BC30-4C779AEFA58E}"
EndProject
Project("{8BC9CEB8-8B4A-11D0-8D11-00A0C91BC942}") = "Ex2", "Ex2\Ex2.vcxproj", "{F8064C5F-C852-4BCC-AFE3-63E2838955BA}"
EndProject
Project("{8BC9CEB8-8B4A-11D0-8D11-00A0C91BC942}") = "Ex3", "Ex3\Ex3.vcxproj", "{4EF63B13-8F59-4057-AC91-5B8BA0111502}"
EndProject
Project("{8BC9CEB8-8B4A-11D0-8D11-00A0C91BC942}") = "Lesson4", "Lesson4\Lesson4.vcxproj", "{5762D756-4BC2-4361-8AE6-D0696BEC8036}"
EndProject
Project("{8BC9CEB8-8B4A-11D0-8D11-00A0C91BC942}") = "Ex4", "Ex4\Ex4.vcxproj", "{66218993-9B64-4EC4-87FD-A1440AC24231}"
EndProject
Project("{8BC9CEB8-8B4A-11D0-8D11-00A0C91BC942}") = "Lesson5", "Lesson5\Lesson5.vcxproj", "{ABB3709B-9D93-4F07-97FF-14E80BFD2576}"
EndProject
Project("{8BC9CEB8-8B4A-11D0-8D11-00A0C91BC942}") = "Ex5", "Ex5\Ex5.vcxproj", "{5550D5D4-6979-4582-BE43-0F2DEEA0A671}"
EndProject
Project("{8BC9CEB8-8B4A-11D0-8D11-00A0C91BC942}") = "Lesson6", "Lesson6\Lesson6.vcxproj", "{996CD8E0-CE93-4921-B54B-526D18C4D65A}"
EndProject
Project("{8BC9CEB8-8B4A-11D0-8D11-00A0C91BC942}") = "Ex6", "Ex6\Ex6.vcxproj", "{22C74AB3-41CB-49CB-B08B-798DB99DFC14}"
EndProject
Project("{8BC9CEB8-8B4A-11D0-8D11-00A0C91BC942}") = "Ex7", "Ex7\Ex7.vcxproj", "{21CA962A-08DD-42C9-A629-C1AF747E0E96}"
EndProject
Project("{8BC9CEB8-8B4A-11D0-8D11-00A0C91BC942}") = "Ex8", "Ex8\Ex8.vcxproj", "{800291B4-7D5C-4315-AC2C-AD0A5E83BCBF}"
EndProject
Project("{8BC9CEB8-8B4A-11D0-8D11-00A0C91BC942}") = "Ex9", "Ex9\Ex9.vcxproj", "{0D7FD6A7-A914-41CB-AAF9-7B97E86ACF85}"
EndProject
Project("{8BC9CEB8-8B4A-11D0-8D11-00A0C91BC942}") = "Lesson10", "Lesson10\Lesson10.vcxproj", "{8B5BE53A-EDD0-4843-89B1-3D7A1890B2E6}"
EndProject
Project("{8BC9CEB8-8B4A-11D0-8D11-00A0C91BC942}") = "Ex11", "Ex11\Ex11.vcxproj", "{BACF45D4-C0D2-447B-973E-D99200A508DC}"
EndProject
Project("{8BC9CEB8-8B4A-11D0-8D11-00A0C91BC942}") = "Ex11_B", "Ex11_B\Ex11_B.vcxproj", "{9DCA8E73-9D83-4B56-B9DF-067491361A34}"
EndProject
Project("{8BC9CEB8-8B4A-11D0-8D11-00A0C91BC942}") = "Lesson11", "Lesson11\Lesson11.vcxproj", "{AF03BA7E-C64F-404E-BA50-755DB0BA9B94}"
EndProject
Global
	GlobalSection(SolutionConfigurationPlatforms) = preSolution
		Debug|x64 = Debug|x64
		Debug|x86 = Debug|x86
		Release|x64 = Release|x64
		Release|x86 = Release|x86
	EndGlobalSection
	GlobalSection(ProjectConfigurationPlatforms) = postSolution
		{78F61983-42C5-4061-AE5C-36B1CF816E7E}.Debug|x64.ActiveCfg = Debug|x64
		{78F61983-42C5-4061-AE5C-36B1CF816E7E}.Debug|x64.Build.0 = Debug|x64
		{78F61983-42C5-4061-AE5C-36B1CF816E7E}.Debug|x86.ActiveCfg = Debug|Win32
		{78F61983-42C5-4061-AE5C-36B1CF816E7E}.Debug|x86.Build.0 = Debug|Win32
		{78F61983-42C5-4061-AE5C-36B1CF816E7E}.Release|x64.ActiveCfg = Release|x64
		{78F61983-42C5-4061-AE5C-36B1CF816E7E}.Release|x64.Build.0 = Release|x64
		{78F61983-42C5-4061-AE5C-36B1CF816E7E}.Release|x86.ActiveCfg = Release|Win32
		{78F61983-42C5-4061-AE5C-36B1CF816E7E}.Release|x86.Build.0 = Release|Win32
		{5F7BADE5-A110-4E32-B54B-E364CC7C83DC}.Debug|x64.ActiveCfg = Debug|x64
		{5F7BADE5-A110-4E32-B54B-E364CC7C83DC}.Debug|x64.Build.0 = Debug|x64
		{5F7BADE5-A110-4E32-B54B-E364CC7C83DC}.Debug|x86.ActiveCfg = Debug|Win32
		{5F7BADE5-A110-4E32-B54B-E364CC7C83DC}.Debug|x86.Build.0 = Debug|Win32
		{5F7BADE5-A110-4E32-B54B-E364CC7C83DC}.Release|x64.ActiveCfg = Release|x64
		{5F7BADE5-A110-4E32-B54B-E364CC7C83DC}.Release|x64.Build.0 = Release|x64
		{5F7BADE5-A110-4E32-B54B-E364CC7C83DC}.Release|x86.ActiveCfg = Release|Win32
		{5F7BADE5-A110-4E32-B54B-E364CC7C83DC}.Release|x86.Build.0 = Release|Win32
		{51AFB168-67F3-4BA2-B5CB-6CD8A2C68B64}.Debug|x64.ActiveCfg = Debug|x64
		{51AFB168-67F3-4BA2-B5CB-6CD8A2C68B64}.Debug|x64.Build.0 = Debug|x64
		{51AFB168-67F3-4BA2-B5CB-6CD8A2C68B64}.Debug|x86.ActiveCfg = Debug|Win32
		{51AFB168-67F3-4BA2-B5CB-6CD8A2C68B64}.Debug|x86.Build.0 = Debug|Win32
		{51AFB168-67F3-4BA2-B5CB-6CD8A2C68B64}.Release|x64.ActiveCfg = Release|x64
		{51AFB168-67F3-4BA2-B5CB-6CD8A2C68B64}.Release|x64.Build.0 = Release|x64
		{51AFB168-67F3-4BA2-B5CB-6CD8A2C68B64}.Release|x86.ActiveCfg = Release|Win32
		{51AFB168-67F3-4BA2-B5CB-6CD8A2C68B64}.Release|x86.Build.0 = Release|Win32
		{10153B05-7860-4E9F-BC30-4C779AEFA58E}.Debug|x64.ActiveCfg = Debug|x64
		{10153B05-7860-4E9F-BC30-4C779AEFA58E}.Debug|x64.Build.0 = Debug|x64
		{10153B05-7860-4E9F-BC30-4C779AEFA58E}.Debug|x86.ActiveCfg = Debug|Win32
		{10153B05-7860-4E9F-BC30-4C779AEFA58E}.Debug|x86.Build.0 = Debug|Win32
		{10153B05-7860-4E9F-BC30-4C779AEFA58E}.Release|x64.ActiveCfg = Release|x64
		{10153B05-7860-4E9F-BC30-4C779AEFA58E}.Release|x64.Build.0 = Release|x64
		{10153B05-7860-4E9F-BC30-4C779AEFA58E}.Release|x86.ActiveCfg = Release|Win32
		{10153B05-7860-4E9F-BC30-4C779AEFA58E}.Release|x86.Build.0 = Release|Win32
		{F8064C5F-C852-4BCC-AFE3-63E2838955BA}.Debug|x64.ActiveCfg = Debug|x64
		{F8064C5F-C852-4BCC-AFE3-63E2838955BA}.Debug|x64.Build.0 = Debug|x64
		{F8064C5F-C852-4BCC-AFE3-63E2838955BA}.Debug|x86.ActiveCfg = Debug|Win32
		{F8064C5F-C852-4BCC-AFE3-63E2838955BA}.Debug|x86.Build.0 = Debug|Win32
		{F8064C5F-C852-4BCC-AFE3-63E2838955BA}.Release|x64.ActiveCfg = Release|x64
		{F8064C5F-C852-4BCC-AFE3-63E2838955BA}.Release|x64.Build.0 = Release|x64
		{F8064C5F-C852-4BCC-AFE3-63E2838955BA}.Release|x86.ActiveCfg = Release|Win32
		{F8064C5F-C852-4BCC-AFE3-63E2838955BA}.Release|x86.Build.0 = Release|Win32
		{4EF63B13-8F59-4057-AC91-5B8BA0111502}.Debug|x64.ActiveCfg = Debug|x64
		{4EF63B13-8F59-4057-AC91-5B8BA0111502}.Debug|x64.Build.0 = Debug|x64
		{4EF63B13-8F59-4057-AC91-5B8BA0111502}.Debug|x86.ActiveCfg = Debug|Win32
		{4EF63B13-8F59-4057-AC91-5B8BA0111502}.Debug|x86.Build.0 = Debug|Win32
		{4EF63B13-8F59-4057-AC91-5B8BA0111502}.Release|x64.ActiveCfg = Release|x64
		{4EF63B13-8F59-4057-AC91-5B8BA0111502}.Release|x64.Build.0 = Release|x64
		{4EF63B13-8F59-4057-AC91-5B8BA0111502}.Release|x86.ActiveCfg = Release|Win32
		{4EF63B13-8F59-4057-AC91-5B8BA0111502}.Release|x86.Build.0 = Release|Win32
		{5762D756-4BC2-4361-8AE6-D0696BEC8036}.Debug|x64.ActiveCfg = Debug|x64
		{5762D756-4BC2-4361-8AE6-D0696BEC8036}.Debug|x64.Build.0 = Debug|x64
		{5762D756-4BC2-4361-8AE6-D0696BEC8036}.Debug|x86.ActiveCfg = Debug|Win32
		{5762D756-4BC2-4361-8AE6-D0696BEC8036}.Debug|x86.Build.0 = Debug|Win32
		{5762D756-4BC2-4361-8AE6-D0696BEC8036}.Release|x64.ActiveCfg = Release|x64
		{5762D756-4BC2-4361-8AE6-D0696BEC8036}.Release|x64.Build.0 = Release|x64
		{5762D756-4BC2-4361-8AE6-D0696BEC8036}.Release|x86.ActiveCfg = Release|Win32
		{5762D756-4BC2-4361-8AE6-D0696BEC8036}.Release|x86.Build.0 = Release|Win32
		{66218993-9B64-4EC4-87FD-A1440AC24231}.Debug|x64.ActiveCfg = Debug|x64
		{66218993-9B64-4EC4-87FD-A1440AC24231}.Debug|x64.Build.0 = Debug|x64
		{66218993-9B64-4EC4-87FD-A1440AC24231}.Debug|x86.ActiveCfg = Debug|Win32
		{66218993-9B64-4EC4-87FD-A1440AC24231}.Debug|x86.Build.0 = Debug|Win32
		{66218993-9B64-4EC4-87FD-A1440AC24231}.Release|x64.ActiveCfg = Release|x64
		{66218993-9B64-4EC4-87FD-A1440AC24231}.Release|x64.Build.0 = Release|x64
		{66218993-9B64-4EC4-87FD-A1440AC24231}.Release|x86.ActiveCfg = Release|Win32
		{66218993-9B64-4EC4-87FD-A1440AC24231}.Release|x86.Build.0 = Release|Win32
		{ABB3709B-9D93-4F07-97FF-14E80BFD2576}.Debug|x64.ActiveCfg = Debug|x64
		{ABB3709B-9D93-4F07-97FF-14E80BFD2576}.Debug|x64.Build.0 = Debug|x64
		{ABB3709B-9D93-4F07-97FF-14E80BFD2576}.Debug|x86.ActiveCfg = Debug|Win32
		{ABB3709B-9D93-4F07-97FF-14E80BFD2576}.Debug|x86.Build.0 = Debug|Win32
		{ABB3709B-9D93-4F07-97FF-14E80BFD2576}.Release|x64.ActiveCfg = Release|x64
		{ABB3709B-9D93-4F07-97FF-14E80BFD2576}.Release|x64.Build.0 = Release|x64
		{ABB3709B-9D93-4F07-97FF-14E80BFD2576}.Release|x86.ActiveCfg = Release|Win32
		{ABB3709B-9D93-4F07-97FF-14E80BFD2576}.Release|x86.Build.0 = Release|Win32
		{5550D5D4-6979-4582-BE43-0F2DEEA0A671}.Debug|x64.ActiveCfg = Debug|x64
		{5550D5D4-6979-4582-BE43-0F2DEEA0A671}.Debug|x64.Build.0 = Debug|x64
		{5550D5D4-6979-4582-BE43-0F2DEEA0A671}.Debug|x86.ActiveCfg = Debug|Win32
		{5550D5D4-6979-4582-BE43-0F2DEEA0A671}.Debug|x86.Build.0 = Debug|Win32
		{5550D5D4-6979-4582-BE43-0F2DEEA0A671}.Release|x64.ActiveCfg = Release|x64
		{5550D5D4-6979-4582-BE43-0F2DEEA0A671}.Release|x64.Build.0 = Release|x64
		{5550D5D4-6979-4582-BE43-0F2DEEA0A671}.Release|x86.ActiveCfg = Release|Win32
		{5550D5D4-6979-4582-BE43-0F2DEEA0A671}.Release|x86.Build.0 = Release|Win32
		{996CD8E0-CE93-4921-B54B-526D18C4D65A}.Debug|x64.ActiveCfg = Debug|x64
		{996CD8E0-CE93-4921-B54B-526D18C4D65A}.Debug|x64.Build.0 = Debug|x64
		{996CD8E0-CE93-4921-B54B-526D18C4D65A}.Debug|x86.ActiveCfg = Debug|Win32
		{996CD8E0-CE93-4921-B54B-526D18C4D65A}.Debug|x86.Build.0 = Debug|Win32
		{996CD8E0-CE93-4921-B54B-526D18C4D65A}.Release|x64.ActiveCfg = Release|x64
		{996CD8E0-CE93-4921-B54B-526D18C4D65A}.Release|x64.Build.0 = Release|x64
		{996CD8E0-CE93-4921-B54B-526D18C4D65A}.Release|x86.ActiveCfg = Release|Win32
		{996CD8E0-CE93-4921-B54B-526D18C4D65A}.Release|x86.Build.0 = Release|Win32
		{22C74AB3-41CB-49CB-B08B-798DB99DFC14}.Debug|x64.ActiveCfg = Debug|x64
		{22C74AB3-41CB-49CB-B08B-798DB99DFC14}.Debug|x64.Build.0 = Debug|x64
		{22C74AB3-41CB-49CB-B08B-798DB99DFC14}.Debug|x86.ActiveCfg = Debug|Win32
		{22C74AB3-41CB-49CB-B08B-798DB99DFC14}.Debug|x86.Build.0 = Debug|Win32
		{22C74AB3-41CB-49CB-B08B-798DB99DFC14}.Release|x64.ActiveCfg = Release|x64
		{22C74AB3-41CB-49CB-B08B-798DB99DFC14}.Release|x64.Build.0 = Release|x64
		{22C74AB3-41CB-49CB-B08B-798DB99DFC14}.Release|x86.ActiveCfg = Release|Win32
		{22C74AB3-41CB-49CB-B08B-798DB99DFC14}.Release|x86.Build.0 = Release|Win32
		{21CA962A-08DD-42C9-A629-C1AF747E0E96}.Debug|x64.ActiveCfg = Debug|x64
		{21CA962A-08DD-42C9-A629-C1AF747E0E96}.Debug|x64.Build.0 = Debug|x64
		{21CA962A-08DD-42C9-A629-C1AF747E0E96}.Debug|x86.ActiveCfg = Debug|Win32
		{21CA962A-08DD-42C9-A629-C1AF747E0E96}.Debug|x86.Build.0 = Debug|Win32
		{21CA962A-08DD-42C9-A629-C1AF747E0E96}.Release|x64.ActiveCfg = Release|x64
		{21CA962A-08DD-42C9-A629-C1AF747E0E96}.Release|x64.Build.0 = Release|x64
		{21CA962A-08DD-42C9-A629-C1AF747E0E96}.Release|x86.ActiveCfg = Release|Win32
		{21CA962A-08DD-42C9-A629-C1AF747E0E96}.Release|x86.Build.0 = Release|Win32
		{800291B4-7D5C-4315-AC2C-AD0A5E83BCBF}.Debug|x64.ActiveCfg = Debug|x64
		{800291B4-7D5C-4315-AC2C-AD0A5E83BCBF}.Debug|x64.Build.0 = Debug|x64
		{800291B4-7D5C-4315-AC2C-AD0A5E83BCBF}.Debug|x86.ActiveCfg = Debug|Win32
		{800291B4-7D5C-4315-AC2C-AD0A5E83BCBF}.Debug|x86.Build.0 = Debug|Win32
		{800291B4-7D5C-4315-AC2C-AD0A5E83BCBF}.Release|x64.ActiveCfg = Release|x64
		{800291B4-7D5C-4315-AC2C-AD0A5E83BCBF}.Release|x64.Build.0 = Release|x64
		{800291B4-7D5C-4315-AC2C-AD0A5E83BCBF}.Release|x86.ActiveCfg = Release|Win32
		{800291B4-7D5C-4315-AC2C-AD0A5E83BCBF}.Release|x86.Build.0 = Release|Win32
		{0D7FD6A7-A914-41CB-AAF9-7B97E86ACF85}.Debug|x64.ActiveCfg = Debug|x64
		{0D7FD6A7-A914-41CB-AAF9-7B97E86ACF85}.Debug|x64.Build.0 = Debug|x64
		{0D7FD6A7-A914-41CB-AAF9-7B97E86ACF85}.Debug|x86.ActiveCfg = Debug|Win32
		{0D7FD6A7-A914-41CB-AAF9-7B97E86ACF85}.Debug|x86.Build.0 = Debug|Win32
		{0D7FD6A7-A914-41CB-AAF9-7B97E86ACF85}.Release|x64.ActiveCfg = Release|x64
		{0D7FD6A7-A914-41CB-AAF9-7B97E86ACF85}.Release|x64.Build.0 = Release|x64
		{0D7FD6A7-A914-41CB-AAF9-7B97E86ACF85}.Release|x86.ActiveCfg = Release|Win32
		{0D7FD6A7-A914-41CB-AAF9-7B97E86ACF85}.Release|x86.Build.0 = Release|Win32
		{8B5BE53A-EDD0-4843-89B1-3D7A1890B2E6}.Debug|x64.ActiveCfg = Debug|x64
		{8B5BE53A-EDD0-4843-89B1-3D7A1890B2E6}.Debug|x64.Build.0 = Debug|x64
		{8B5BE53A-EDD0-4843-89B1-3D7A1890B2E6}.Debug|x86.ActiveCfg = Debug|Win32
		{8B5BE53A-EDD0-4843-89B1-3D7A1890B2E6}.Debug|x86.Build.0 = Debug|Win32
		{8B5BE53A-EDD0-4843-89B1-3D7A1890B2E6}.Release|x64.ActiveCfg = Release|x64
		{8B5BE53A-EDD0-4843-89B1-3D7A1890B2E6}.Release|x64.Build.0 = Release|x64
		{8B5BE53A-EDD0-4843-89B1-3D7A1890B2E6}.Release|x86.ActiveCfg = Release|Win32
		{8B5BE53A-EDD0-4843-89B1-3D7A1890B2E6}.Release|x86.Build.0 = Release|Win32
		{BACF45D4-C0D2-447B-973E-D99200A508DC}.Debug|x64.ActiveCfg = Debug|x64
		{BACF45D4-C0D2-447B-973E-D99200A508DC}.Debug|x64.Build.0 = Debug|x64
		{BACF45D4-C0D2-447B-973E-D99200A508DC}.Debug|x86.ActiveCfg = Debug|Win32
		{BACF45D4-C0D2-447B-973E-D99200A508DC}.Debug|x86.Build.0 = Debug|Win32
		{BACF45D4-C0D2-447B-973E-D99200A508DC}.Release|x64.ActiveCfg = Release|x64
		{BACF45D4-C0D2-447B-973E-D99200A508DC}.Release|x64.Build.0 = Release|x64
		{BACF45D4-C0D2-447B-973E-D99200A508DC}.Release|x86.ActiveCfg = Release|Win32
		{BACF45D4-C0D2-447B-973E-D99200A508DC}.Release|x86.Build.0 = Release|Win32
		{9DCA8E73-9D83-4B56-B9DF-067491361A34}.Debug|x64.ActiveCfg = Debug|x64
		{9DCA8E73-9D83-4B56-B9DF-067491361A34}.Debug|x64.Build.0 = Debug|x64
		{9DCA8E73-9D83-4B56-B9DF-067491361A34}.Debug|x86.ActiveCfg = Debug|Win32
		{9DCA8E73-9D83-4B56-B9DF-067491361A34}.Debug|x86.Build.0 = Debug|Win32
		{9DCA8E73-9D83-4B56-B9DF-067491361A34}.Release|x64.ActiveCfg = Release|x64
		{9DCA8E73-9D83-4B56-B9DF-067491361A34}.Release|x64.Build.0 = Release|x64
		{9DCA8E73-9D83-4B56-B9DF-067491361A34}.Release|x86.ActiveCfg = Release|Win32
		{9DCA8E73-9D83-4B56-B9DF-067491361A34}.Release|x86.Build.0 = Release|Win32
		{AF03BA7E-C64F-404E-BA50-755DB0BA9B94}.Debug|x64.ActiveCfg = Debug|x64
		{AF03BA7E-C64F-404E-BA50-755DB0BA9B94}.Debug|x64.Build.0 = Debug|x64
		{AF03BA7E-C64F-404E-BA50-755DB0BA9B94}.Debug|x86.ActiveCfg = Debug|Win32
		{AF03BA7E-C64F-404E-BA50-755DB0BA9B94}.Debug|x86.Build.0 = Debug|Win32
		{AF03BA7E-C64F-404E-BA50-755DB0BA9B94}.Release|x64.ActiveCfg = Release|x64
		{AF03BA7E-C64F-404E-BA50-755DB0BA9B94}.Release|x64.Build.0 = Release|x64
		{AF03BA7E-C64F-404E-BA50-755DB0BA9B94}.Release|x86.ActiveCfg = Release|Win32
		{AF03BA7E-C64F-404E-BA50-755DB0BA9B94}.Release|x86.Build.0 = Release|Win32
	EndGlobalSection
	GlobalSection(SolutionProperties) = preSolution
		HideSolutionNode = FALSE
	EndGlobalSection
	GlobalSection(ExtensibilityGlobals) = postSolution
		SolutionGuid = {F3FAF145-D589-4ACD-ABE2-73721DE15881}
	EndGlobalSection
EndGlobal
