
Microsoft Visual Studio Solution File, Format Version 12.00
# Visual Studio Version 17
VisualStudioVersion = 17.14.36915.13
MinimumVisualStudioVersion = 10.0.40219.1
Project("{8BC9CEB8-8B4A-11D0-8D11-00A0C91BC942}") = "Lesson1", "Lesson1\Lesson1.vcxproj", "{78F61983-42C5-4061-AE5C-36B1CF816E7E}"
EndProject
Project("{8BC9CEB8-8B4A-11D0-8D11-00A0C91BC942}") = "Ex1", "Ex1\Ex1.vcxproj", "{5F7BADE5-A110-4E32-B54B-E364CC7C83DC}"
EndProject
Project("{8BC9CEB8-8B4A-11D0-8D11-00A0C91BC942}") = "Lesson2", "Lesson2\Lesson2.vcxproj", "{51AFB168-67F3-4BA2-B5CB-6CD8A2C68B64}"
EndProject
Project("{8BC9CEB8-8B4A-11D0-8D11-00A0C91BC942}") = "Lesson3", "Lesson3\Lesson3.vcxproj", "{10153B05-7860-4E9F-BC30-4C779AEFA58E}"
EndProject
Project("{8BC9CEB8-8B4A-11D0-8D11-00A0C91BC942}") = "Ex2", "Ex2\Ex2.vcxproj", "{F8064C5F-C852-4BCC-AFE3-63E2838955BA}"
EndProject
Project("{8BC9CEB8-8B4A-11D0-8D11-00A0C91BC942}") = "Ex3", "Ex3\Ex3.vcxproj", "{4EF63B13-8F59-4057-AC91-5B8BA0111502}"
EndProject
Global
	GlobalSection(SolutionConfigurationPlatforms) = preSolution
		Debug|x64 = Debug|x64
		Debug|x86 = Debug|x86
		Release|x64 = Release|x64
		Release|x86 = Release|x86
	EndGlobalSection
	GlobalSection(ProjectConfigurationPlatforms) = postSolution
		{78F61983-42C5-4061-AE5C-36B1CF816E7E}.Debug|x64.ActiveCfg = Debug|x64
		{78F61983-42C5-4061-AE5C-36B1CF816E7E}.Debug|x64.Build.0 = Debug|x64
		{78F61983-42C5-4061-AE5C-36B1CF816E7E}.Debug|x86.ActiveCfg = Debug|Win32
		{78F61983-42C5-4061-AE5C-36B1CF816E7E}.Debug|x86.Build.0 = Debug|Win32
		{78F61983-42C5-4061-AE5C-36B1CF816E7E}.Release|x64.ActiveCfg = Release|x64
		{78F61983-42C5-4061-AE5C-36B1CF816E7E}.Release|x64.Build.0 = Release|x64
		{78F61983-42C5-4061-AE5C-36B1CF816E7E}.Release|x86.ActiveCfg = Release|Win32
		{78F61983-42C5-4061-AE5C-36B1CF816E7E}.Release|x86.Build.0 = Release|Win32
		{5F7BADE5-A110-4E32-B54B-E364CC7C83DC}.Debug|x64.ActiveCfg = Debug|x64
		{5F7BADE5-A110-4E32-B54B-E364CC7C83DC}.Debug|x64.Build.0 = Debug|x64
		{5F7BADE5-A110-4E32-B54B-E364CC7C83DC}.Debug|x86.ActiveCfg = Debug|Win32
		{5F7BADE5-A110-4E32-B54B-E364CC7C83DC}.Debug|x86.Build.0 = Debug|Win32
		{5F7BADE5-A110-4E32-B54B-E364CC7C83DC}.Release|x64.ActiveCfg = Release|x64
		{5F7BADE5-A110-4E32-B54B-E364CC7C83DC}.Release|x64.Build.0 = Release|x64
		{5F7BADE5-A110-4E32-B54B-E364CC7C83DC}.Release|x86.ActiveCfg = Release|Win32
		{5F7BADE5-A110-4E32-B54B-E364CC7C83DC}.Release|x86.Build.0 = Release|Win32
		{51AFB168-67F3-4BA2-B5CB-6CD8A2C68B64}.Debug|x64.ActiveCfg = Debug|x64
		{51AFB168-67F3-4BA2-B5CB-6CD8A2C68B64}.Debug|x64.Build.0 = Debug|x64
		{51AFB168-67F3-4BA2-B5CB-6CD8A2C68B64}.Debug|x86.ActiveCfg = Debug|Win32
		{51AFB168-67F3-4BA2-B5CB-6CD8A2C68B64}.Debug|x86.Build.0 = Debug|Win32
		{51AFB168-67F3-4BA2-B5CB-6CD8A2C68B64}.Release|x64.ActiveCfg = Release|x64
		{51AFB168-67F3-4BA2-B5CB-6CD8A2C68B64}.Release|x64.Build.0 = Release|x64
		{51AFB168-67F3-4BA2-B5CB-6CD8A2C68B64}.Release|x86.ActiveCfg = Release|Win32
		{51AFB168-67F3-4BA2-B5CB-6CD8A2C68B64}.Release|x86.Build.0 = Release|Win32
		{10153B05-7860-4E9F-BC30-4C779AEFA58E}.Debug|x64.ActiveCfg = Debug|x64
		{10153B05-7860-4E9F-BC30-4C779AEFA58E}.Debug|x64.Build.0 = Debug|x64
		{10153B05-7860-4E9F-BC30-4C779AEFA58E}.Debug|x86.ActiveCfg = Debug|Win32
		{10153B05-7860-4E9F-BC30-4C779AEFA58E}.Debug|x86.Build.0 = Debug|Win32
		{10153B05-7860-4E9F-BC30-4C779AEFA58E}.Release|x64.ActiveCfg = Release|x64
		{10153B05-7860-4E9F-BC30-4C779AEFA58E}.Release|x64.Build.0 = Release|x64
		{10153B05-7860-4E9F-BC30-4C779AEFA58E}.Release|x86.ActiveCfg = Release|Win32
		{10153B05-7860-4E9F-BC30-4C779AEFA58E}.Release|x86.Build.0 = Release|Win32
		{F8064C5F-C852-4BCC-AFE3-63E2838955BA}.Debug|x64.ActiveCfg = Debug|x64
		{F8064C5F-C852-4BCC-AFE3-63E2838955BA}.Debug|x64.Build.0 = Debug|x64
		{F8064C5F-C852-4BCC-AFE3-63E2838955BA}.Debug|x86.ActiveCfg = Debug|Win32
		{F8064C5F-C852-4BCC-AFE3-63E2838955BA}.Debug|x86.Build.0 = Debug|Win32
		{F8064C5F-C852-4BCC-AFE3-63E2838955BA}.Release|x64.ActiveCfg = Release|x64
		{F8064C5F-C852-4BCC-AFE3-63E2838955BA}.Release|x64.Build.0 = Release|x64
		{F8064C5F-C852-4BCC-AFE3-63E2838955BA}.Release|x86.ActiveCfg = Release|Win32
		{F8064C5F-C852-4BCC-AFE3-63E2838955BA}.Release|x86.Build.0 = Release|Win32
		{4EF63B13-8F59-4057-AC91-5B8BA0111502}.Debug|x64.ActiveCfg = Debug|x64
		{4EF63B13-8F59-4057-AC91-5B8BA0111502}.Debug|x64.Build.0 = Debug|x64
		{4EF63B13-8F59-4057-AC91-5B8BA0111502}.Debug|x86.ActiveCfg = Debug|Win32
		{4EF63B13-8F59-4057-AC91-5B8BA0111502}.Debug|x86.Build.0 = Debug|Win32
		{4EF63B13-8F59-4057-AC91-5B8BA0111502}.Release|x64.ActiveCfg = Release|x64
		{4EF63B13-8F59-4057-AC91-5B8BA0111502}.Release|x64.Build.0 = Release|x64
		{4EF63B13-8F59-4057-AC91-5B8BA0111502}.Release|x86.ActiveCfg = Release|Win32
		{4EF63B13-8F59-4057-AC91-5B8BA0111502}.Release|x86.Build.0 = Release|Win32
	EndGlobalSection
	GlobalSection(SolutionProperties) = preSolution
		HideSolutionNode = FALSE
	EndGlobalSection
	GlobalSection(ExtensibilityGlobals) = postSolution
		SolutionGuid = {F3FAF145-D589-4ACD-ABE2-73721DE15881}
	EndGlobalSection
EndGlobal
